Microsoft Visual Studio Solution File, Format Version 11.00
# Visual Studio 2008

Project("{3ABE5790-8E50-4D36-CD7A-ABC37FD4FCDE}") = "BeerPongClient", "Assembly-CSharp.csproj", "{FB6E9F05-4AAB-4391-1F00-DA79A48C9730}"
EndProject
Global
	GlobalSection(SolutionConfigurationPlatforms) = preSolution
		Debug|Any CPU = Debug|Any CPU
		Release|Any CPU = Release|Any CPU
	EndGlobalSection
	GlobalSection(ProjectConfigurationPlatforms) = postSolution
		{FB6E9F05-4AAB-4391-1F00-DA79A48C9730}.Debug|Any CPU.ActiveCfg = Debug|Any CPU
		{FB6E9F05-4AAB-4391-1F00-DA79A48C9730}.Debug|Any CPU.Build.0 = Debug|Any CPU
		{FB6E9F05-4AAB-4391-1F00-DA79A48C9730}.Release|Any CPU.ActiveCfg = Release|Any CPU
		{FB6E9F05-4AAB-4391-1F00-DA79A48C9730}.Release|Any CPU.Build.0 = Release|Any CPU
	EndGlobalSection
	GlobalSection(SolutionProperties) = preSolution
		HideSolutionNode = FALSE
	EndGlobalSection
	GlobalSection(MonoDevelopProperties) = preSolution
		StartupItem = Assembly-CSharp.csproj
	EndGlobalSection
EndGlobal
